{
  "name": "actions",
  "version": "1.0.0",
  "lockfileVersion": 2,
  "requires": true,
  "packages": {
    "": {
      "name": "actions",
      "version": "1.0.0",
      "license": "ISC",
      "dependencies": {
        "node-auth0": "^1.0.0"
      }
    },
    "node_modules/node-auth0": {
      "version": "1.0.0",
      "resolved": "https://registry.npmjs.org/node-auth0/-/node-auth0-1.0.0.tgz",
      "integrity": "sha512-jt37muHNPLNToTw8ugtwRM65u6P+hCq9pOH2EQeb2woT4WpkSei81c1G9e38QfEAroHh9cu4SLD77nIq5LM7tg=="
    }
  },
  "dependencies": {
    "node-auth0": {
      "version": "1.0.0",
      "resolved": "https://registry.npmjs.org/node-auth0/-/node-auth0-1.0.0.tgz",
      "integrity": "sha512-jt37muHNPLNToTw8ugtwRM65u6P+hCq9pOH2EQeb2woT4WpkSei81c1G9e38QfEAroHh9cu4SLD77nIq5LM7tg=="
    }
  }
}
